# This file is automatically @generated by Cargo.
# It is not intended for manual editing.
version = 3

[[package]]
name = "managing_project"
version = "0.1.0"
dependencies = [
 "restaurant",
]

[[package]]
name = "restaurant"
version = "0.1.0"
source = "registry+https://github.com/rust-lang/crates.io-index"
checksum = "d919855bb21e8a01be30fb9e67c8441b79dc4c64eb7714ca6dddf71596aa18c2"
